// !$*UTF8*$!
{
	archiveVersion = 1;
	classes = {
	};
	objectVersion = 55;
	objects = {

/* Begin PBXBuildFile section */
		2403EDF12793871F002AF6FA /* UnipayApp.swift in Sources */ = {isa = PBXBuildFile; fileRef = 2403EDF02793871F002AF6FA /* UnipayApp.swift */; };
		2403EDF32793871F002AF6FA /* OnboardingView.swift in Sources */ = {isa = PBXBuildFile; fileRef = 2403EDF22793871F002AF6FA /* OnboardingView.swift */; };
		2403EDF52793871F002AF6FA /* Assets.xcassets in Resources */ = {isa = PBXBuildFile; fileRef = 2403EDF42793871F002AF6FA /* Assets.xcassets */; };
		2403EDF82793871F002AF6FA /* Preview Assets.xcassets in Resources */ = {isa = PBXBuildFile; fileRef = 2403EDF72793871F002AF6FA /* Preview Assets.xcassets */; };
		2403EE00279387B3002AF6FA /* ColorExt.swift in Sources */ = {isa = PBXBuildFile; fileRef = 2403EDFF279387B3002AF6FA /* ColorExt.swift */; };
		241503C927946C730047ECD3 /* UColor.swift in Sources */ = {isa = PBXBuildFile; fileRef = 241503C827946C730047ECD3 /* UColor.swift */; };
		241503CE2794728E0047ECD3 /* CustomPageIndicator.swift in Sources */ = {isa = PBXBuildFile; fileRef = 241503CD2794728E0047ECD3 /* CustomPageIndicator.swift */; };
		241503D0279477390047ECD3 /* BackgroundLightView.swift in Sources */ = {isa = PBXBuildFile; fileRef = 241503CF279477390047ECD3 /* BackgroundLightView.swift */; };
		244A6D4727A935690077F482 /* HomeView.swift in Sources */ = {isa = PBXBuildFile; fileRef = 244A6D4627A935690077F482 /* HomeView.swift */; };
		244A6D4A27A935850077F482 /* HomeCard.swift in Sources */ = {isa = PBXBuildFile; fileRef = 244A6D4927A935850077F482 /* HomeCard.swift */; };
/* End PBXBuildFile section */

/* Begin PBXFileReference section */
		2403EDED2793871F002AF6FA /* Unipay.app */ = {isa = PBXFileReference; explicitFileType = wrapper.application; includeInIndex = 0; path = Unipay.app; sourceTree = BUILT_PRODUCTS_DIR; };
		2403EDF02793871F002AF6FA /* UnipayApp.swift */ = {isa = PBXFileReference; lastKnownFileType = sourcecode.swift; path = UnipayApp.swift; sourceTree = "<group>"; };
		2403EDF22793871F002AF6FA /* OnboardingView.swift */ = {isa = PBXFileReference; lastKnownFileType = sourcecode.swift; path = OnboardingView.swift; sourceTree = "<group>"; };
		2403EDF42793871F002AF6FA /* Assets.xcassets */ = {isa = PBXFileReference; lastKnownFileType = folder.assetcatalog; path = Assets.xcassets; sourceTree = "<group>"; };
		2403EDF72793871F002AF6FA /* Preview Assets.xcassets */ = {isa = PBXFileReference; lastKnownFileType = folder.assetcatalog; path = "Preview Assets.xcassets"; sourceTree = "<group>"; };
		2403EDFF279387B3002AF6FA /* ColorExt.swift */ = {isa = PBXFileReference; lastKnownFileType = sourcecode.swift; path = ColorExt.swift; sourceTree = "<group>"; };
		241503C827946C730047ECD3 /* UColor.swift */ = {isa = PBXFileReference; lastKnownFileType = sourcecode.swift; path = UColor.swift; sourceTree = "<group>"; };
		241503CD2794728E0047ECD3 /* CustomPageIndicator.swift */ = {isa = PBXFileReference; lastKnownFileType = sourcecode.swift; path = CustomPageIndicator.swift; sourceTree = "<group>"; };
		241503CF279477390047ECD3 /* BackgroundLightView.swift */ = {isa = PBXFileReference; lastKnownFileType = sourcecode.swift; path = BackgroundLightView.swift; sourceTree = "<group>"; };
		244A6D4627A935690077F482 /* HomeView.swift */ = {isa = PBXFileReference; lastKnownFileType = sourcecode.swift; path = HomeView.swift; sourceTree = "<group>"; };
		244A6D4927A935850077F482 /* HomeCard.swift */ = {isa = PBXFileReference; lastKnownFileType = sourcecode.swift; path = HomeCard.swift; sourceTree = "<group>"; };
/* End PBXFileReference section */

/* Begin PBXFrameworksBuildPhase section */
		2403EDEA2793871F002AF6FA /* Frameworks */ = {
			isa = PBXFrameworksBuildPhase;
			buildActionMask = 2147483647;
			files = (
			);
			runOnlyForDeploymentPostprocessing = 0;
		};
/* End PBXFrameworksBuildPhase section */

/* Begin PBXGroup section */
		2403EDE42793871F002AF6FA = {
			isa = PBXGroup;
			children = (
				2403EDEF2793871F002AF6FA /* Unipay */,
				2403EDEE2793871F002AF6FA /* Products */,
			);
			sourceTree = "<group>";
		};
		2403EDEE2793871F002AF6FA /* Products */ = {
			isa = PBXGroup;
			children = (
				2403EDED2793871F002AF6FA /* Unipay.app */,
			);
			name = Products;
			sourceTree = "<group>";
		};
		2403EDEF2793871F002AF6FA /* Unipay */ = {
			isa = PBXGroup;
			children = (
				244A6D4527A9355C0077F482 /* Home */,
				241503D1279479800047ECD3 /* Onboarding */,
				241503CA279472500047ECD3 /* CommonUI */,
				241503C727946C310047ECD3 /* Design */,
				2403EDFE279387A6002AF6FA /* Ext */,
				2403EDF02793871F002AF6FA /* UnipayApp.swift */,
				2403EDF42793871F002AF6FA /* Assets.xcassets */,
				2403EDF62793871F002AF6FA /* Preview Content */,
			);
			path = Unipay;
			sourceTree = "<group>";
		};
		2403EDF62793871F002AF6FA /* Preview Content */ = {
			isa = PBXGroup;
			children = (
				2403EDF72793871F002AF6FA /* Preview Assets.xcassets */,
			);
			path = "Preview Content";
			sourceTree = "<group>";
		};
		2403EDFE279387A6002AF6FA /* Ext */ = {
			isa = PBXGroup;
			children = (
				2403EDFF279387B3002AF6FA /* ColorExt.swift */,
			);
			path = Ext;
			sourceTree = "<group>";
		};
		241503C727946C310047ECD3 /* Design */ = {
			isa = PBXGroup;
			children = (
				241503C827946C730047ECD3 /* UColor.swift */,
			);
			path = Design;
			sourceTree = "<group>";
		};
		241503CA279472500047ECD3 /* CommonUI */ = {
			isa = PBXGroup;
			children = (
				241503CD2794728E0047ECD3 /* CustomPageIndicator.swift */,
				241503CF279477390047ECD3 /* BackgroundLightView.swift */,
			);
			path = CommonUI;
			sourceTree = "<group>";
		};
		241503D1279479800047ECD3 /* Onboarding */ = {
			isa = PBXGroup;
			children = (
				2403EDF22793871F002AF6FA /* OnboardingView.swift */,
			);
			path = Onboarding;
			sourceTree = "<group>";
		};
		244A6D4527A9355C0077F482 /* Home */ = {
			isa = PBXGroup;
			children = (
				244A6D4827A935720077F482 /* Views */,
				244A6D4627A935690077F482 /* HomeView.swift */,
			);
			path = Home;
			sourceTree = "<group>";
		};
		244A6D4827A935720077F482 /* Views */ = {
			isa = PBXGroup;
			children = (
				244A6D4927A935850077F482 /* HomeCard.swift */,
			);
			path = Views;
			sourceTree = "<group>";
		};
/* End PBXGroup section */

/* Begin PBXNativeTarget section */
		2403EDEC2793871F002AF6FA /* Unipay */ = {
			isa = PBXNativeTarget;
			buildConfigurationList = 2403EDFB2793871F002AF6FA /* Build configuration list for PBXNativeTarget "Unipay" */;
			buildPhases = (
				2403EDE92793871F002AF6FA /* Sources */,
				2403EDEA2793871F002AF6FA /* Frameworks */,
				2403EDEB2793871F002AF6FA /* Resources */,
			);
			buildRules = (
			);
			dependencies = (
			);
			name = Unipay;
			productName = Unipay;
			productReference = 2403EDED2793871F002AF6FA /* Unipay.app */;
			productType = "com.apple.product-type.application";
		};
/* End PBXNativeTarget section */

/* Begin PBXProject section */
		2403EDE52793871F002AF6FA /* Project object */ = {
			isa = PBXProject;
			attributes = {
				BuildIndependentTargetsInParallel = 1;
				LastSwiftUpdateCheck = 1310;
				LastUpgradeCheck = 1310;
				TargetAttributes = {
					2403EDEC2793871F002AF6FA = {
						CreatedOnToolsVersion = 13.1;
					};
				};
			};
			buildConfigurationList = 2403EDE82793871F002AF6FA /* Build configuration list for PBXProject "Unipay" */;
			compatibilityVersion = "Xcode 13.0";
			developmentRegion = en;
			hasScannedForEncodings = 0;
			knownRegions = (
				en,
				Base,
			);
			mainGroup = 2403EDE42793871F002AF6FA;
			productRefGroup = 2403EDEE2793871F002AF6FA /* Products */;
			projectDirPath = "";
			projectRoot = "";
			targets = (
				2403EDEC2793871F002AF6FA /* Unipay */,
			);
		};
/* End PBXProject section */

/* Begin PBXResourcesBuildPhase section */
		2403EDEB2793871F002AF6FA /* Resources */ = {
			isa = PBXResourcesBuildPhase;
			buildActionMask = 2147483647;
			files = (
				2403EDF82793871F002AF6FA /* Preview Assets.xcassets in Resources */,
				2403EDF52793871F002AF6FA /* Assets.xcassets in Resources */,
			);
			runOnlyForDeploymentPostprocessing = 0;
		};
/* End PBXResourcesBuildPhase section */

/* Begin PBXSourcesBuildPhase section */
		2403EDE92793871F002AF6FA /* Sources */ = {
			isa = PBXSourcesBuildPhase;
			buildActionMask = 2147483647;
			files = (
				2403EDF32793871F002AF6FA /* OnboardingView.swift in Sources */,
				244A6D4727A935690077F482 /* HomeView.swift in Sources */,
				241503D0279477390047ECD3 /* BackgroundLightView.swift in Sources */,
				2403EE00279387B3002AF6FA /* ColorExt.swift in Sources */,
				244A6D4A27A935850077F482 /* HomeCard.swift in Sources */,
				2403EDF12793871F002AF6FA /* UnipayApp.swift in Sources */,
				241503C927946C730047ECD3 /* UColor.swift in Sources */,
				241503CE2794728E0047ECD3 /* CustomPageIndicator.swift in Sources */,
			);
			runOnlyForDeploymentPostprocessing = 0;
		};
/* End PBXSourcesBuildPhase section */

/* Begin XCBuildConfiguration section */
		2403EDF92793871F002AF6FA /* Debug */ = {
			isa = XCBuildConfiguration;
			buildSettings = {
				ALWAYS_SEARCH_USER_PATHS = NO;
				CLANG_ANALYZER_NONNULL = YES;
				CLANG_ANALYZER_NUMBER_OBJECT_CONVERSION = YES_AGGRESSIVE;
				CLANG_CXX_LANGUAGE_STANDARD = "gnu++17";
				CLANG_CXX_LIBRARY = "libc++";
				CLANG_ENABLE_MODULES = YES;
				CLANG_ENABLE_OBJC_ARC = YES;
				CLANG_ENABLE_OBJC_WEAK = YES;
				CLANG_WARN_BLOCK_CAPTURE_AUTORELEASING = YES;
				CLANG_WARN_BOOL_CONVERSION = YES;
				CLANG_WARN_COMMA = YES;
				CLANG_WARN_CONSTANT_CONVERSION = YES;
				CLANG_WARN_DEPRECATED_OBJC_IMPLEMENTATIONS = YES;
				CLANG_WARN_DIRECT_OBJC_ISA_USAGE = YES_ERROR;
				CLANG_WARN_DOCUMENTATION_COMMENTS = YES;
				CLANG_WARN_EMPTY_BODY = YES;
				CLANG_WARN_ENUM_CONVERSION = YES;
				CLANG_WARN_INFINITE_RECURSION = YES;
				CLANG_WARN_INT_CONVERSION = YES;
				CLANG_WARN_NON_LITERAL_NULL_CONVERSION = YES;
				CLANG_WARN_OBJC_IMPLICIT_RETAIN_SELF = YES;
				CLANG_WARN_OBJC_LITERAL_CONVERSION = YES;
				CLANG_WARN_OBJC_ROOT_CLASS = YES_ERROR;
				CLANG_WARN_QUOTED_INCLUDE_IN_FRAMEWORK_HEADER = YES;
				CLANG_WARN_RANGE_LOOP_ANALYSIS = YES;
				CLANG_WARN_STRICT_PROTOTYPES = YES;
				CLANG_WARN_SUSPICIOUS_MOVE = YES;
				CLANG_WARN_UNGUARDED_AVAILABILITY = YES_AGGRESSIVE;
				CLANG_WARN_UNREACHABLE_CODE = YES;
				CLANG_WARN__DUPLICATE_METHOD_MATCH = YES;
				COPY_PHASE_STRIP = NO;
				DEBUG_INFORMATION_FORMAT = dwarf;
				ENABLE_STRICT_OBJC_MSGSEND = YES;
				ENABLE_TESTABILITY = YES;
				GCC_C_LANGUAGE_STANDARD = gnu11;
				GCC_DYNAMIC_NO_PIC = NO;
				GCC_NO_COMMON_BLOCKS = YES;
				GCC_OPTIMIZATION_LEVEL = 0;
				GCC_PREPROCESSOR_DEFINITIONS = (
					"DEBUG=1",
					"$(inherited)",
				);
				GCC_WARN_64_TO_32_BIT_CONVERSION = YES;
				GCC_WARN_ABOUT_RETURN_TYPE = YES_ERROR;
				GCC_WARN_UNDECLARED_SELECTOR = YES;
				GCC_WARN_UNINITIALIZED_AUTOS = YES_AGGRESSIVE;
				GCC_WARN_UNUSED_FUNCTION = YES;
				GCC_WARN_UNUSED_VARIABLE = YES;
				IPHONEOS_DEPLOYMENT_TARGET = 15.0;
				MTL_ENABLE_DEBUG_INFO = INCLUDE_SOURCE;
				MTL_FAST_MATH = YES;
				ONLY_ACTIVE_ARCH = YES;
				SDKROOT = iphoneos;
				SWIFT_ACTIVE_COMPILATION_CONDITIONS = DEBUG;
				SWIFT_OPTIMIZATION_LEVEL = "-Onone";
			};
			name = Debug;
		};
		2403EDFA2793871F002AF6FA /* Release */ = {
			isa = XCBuildConfiguration;
			buildSettings = {
				ALWAYS_SEARCH_USER_PATHS = NO;
				CLANG_ANALYZER_NONNULL = YES;
				CLANG_ANALYZER_NUMBER_OBJECT_CONVERSION = YES_AGGRESSIVE;
				CLANG_CXX_LANGUAGE_STANDARD = "gnu++17";
				CLANG_CXX_LIBRARY = "libc++";
				CLANG_ENABLE_MODULES = YES;
				CLANG_ENABLE_OBJC_ARC = YES;
				CLANG_ENABLE_OBJC_WEAK = YES;
				CLANG_WARN_BLOCK_CAPTURE_AUTORELEASING = YES;
				CLANG_WARN_BOOL_CONVERSION = YES;
				CLANG_WARN_COMMA = YES;
				CLANG_WARN_CONSTANT_CONVERSION = YES;
				CLANG_WARN_DEPRECATED_OBJC_IMPLEMENTATIONS = YES;
				CLANG_WARN_DIRECT_OBJC_ISA_USAGE = YES_ERROR;
				CLANG_WARN_DOCUMENTATION_COMMENTS = YES;
				CLANG_WARN_EMPTY_BODY = YES;
				CLANG_WARN_ENUM_CONVERSION = YES;
				CLANG_WARN_INFINITE_RECURSION = YES;
				CLANG_WARN_INT_CONVERSION = YES;
				CLANG_WARN_NON_LITERAL_NULL_CONVERSION = YES;
				CLANG_WARN_OBJC_IMPLICIT_RETAIN_SELF = YES;
				CLANG_WARN_OBJC_LITERAL_CONVERSION = YES;
				CLANG_WARN_OBJC_ROOT_CLASS = YES_ERROR;
				CLANG_WARN_QUOTED_INCLUDE_IN_FRAMEWORK_HEADER = YES;
				CLANG_WARN_RANGE_LOOP_ANALYSIS = YES;
				CLANG_WARN_STRICT_PROTOTYPES = YES;
				CLANG_WARN_SUSPICIOUS_MOVE = YES;
				CLANG_WARN_UNGUARDED_AVAILABILITY = YES_AGGRESSIVE;
				CLANG_WARN_UNREACHABLE_CODE = YES;
				CLANG_WARN__DUPLICATE_METHOD_MATCH = YES;
				COPY_PHASE_STRIP = NO;
				DEBUG_INFORMATION_FORMAT = "dwarf-with-dsym";
				ENABLE_NS_ASSERTIONS = NO;
				ENABLE_STRICT_OBJC_MSGSEND = YES;
				GCC_C_LANGUAGE_STANDARD = gnu11;
				GCC_NO_COMMON_BLOCKS = YES;
				GCC_WARN_64_TO_32_BIT_CONVERSION = YES;
				GCC_WARN_ABOUT_RETURN_TYPE = YES_ERROR;
				GCC_WARN_UNDECLARED_SELECTOR = YES;
				GCC_WARN_UNINITIALIZED_AUTOS = YES_AGGRESSIVE;
				GCC_WARN_UNUSED_FUNCTION = YES;
				GCC_WARN_UNUSED_VARIABLE = YES;
				IPHONEOS_DEPLOYMENT_TARGET = 15.0;
				MTL_ENABLE_DEBUG_INFO = NO;
				MTL_FAST_MATH = YES;
				SDKROOT = iphoneos;
				SWIFT_COMPILATION_MODE = wholemodule;
				SWIFT_OPTIMIZATION_LEVEL = "-O";
				VALIDATE_PRODUCT = YES;
			};
			name = Release;
		};
		2403EDFC2793871F002AF6FA /* Debug */ = {
			isa = XCBuildConfiguration;
			buildSettings = {
				ASSETCATALOG_COMPILER_APPICON_NAME = AppIcon;
				ASSETCATALOG_COMPILER_GLOBAL_ACCENT_COLOR_NAME = AccentColor;
				CODE_SIGN_STYLE = Automatic;
				CURRENT_PROJECT_VERSION = 1;
				DEVELOPMENT_ASSET_PATHS = "\"Unipay/Preview Content\"";
				DEVELOPMENT_TEAM = 223PZ4VYA4;
				ENABLE_PREVIEWS = YES;
				GENERATE_INFOPLIST_FILE = YES;
				INFOPLIST_KEY_UIApplicationSceneManifest_Generation = YES;
				INFOPLIST_KEY_UIApplicationSupportsIndirectInputEvents = YES;
				INFOPLIST_KEY_UILaunchScreen_Generation = YES;
				INFOPLIST_KEY_UISupportedInterfaceOrientations_iPad = "UIInterfaceOrientationPortrait UIInterfaceOrientationPortraitUpsideDown UIInterfaceOrientationLandscapeLeft UIInterfaceOrientationLandscapeRight";
				INFOPLIST_KEY_UISupportedInterfaceOrientations_iPhone = "UIInterfaceOrientationPortrait UIInterfaceOrientationLandscapeLeft UIInterfaceOrientationLandscapeRight";
				LD_RUNPATH_SEARCH_PATHS = (
					"$(inherited)",
					"@executable_path/Frameworks",
				);
				MARKETING_VERSION = 1.0;
				PRODUCT_BUNDLE_IDENTIFIER = bilelbouricha.Unipay;
				PRODUCT_NAME = "$(TARGET_NAME)";
				SWIFT_EMIT_LOC_STRINGS = YES;
				SWIFT_VERSION = 5.0;
				TARGETED_DEVICE_FAMILY = "1,2";
			};
			name = Debug;
		};
		2403EDFD2793871F002AF6FA /* Release */ = {
			isa = XCBuildConfiguration;
			buildSettings = {
				ASSETCATALOG_COMPILER_APPICON_NAME = AppIcon;
				ASSETCATALOG_COMPILER_GLOBAL_ACCENT_COLOR_NAME = AccentColor;
				CODE_SIGN_STYLE = Automatic;
				CURRENT_PROJECT_VERSION = 1;
				DEVELOPMENT_ASSET_PATHS = "\"Unipay/Preview Content\"";
				DEVELOPMENT_TEAM = 223PZ4VYA4;
				ENABLE_PREVIEWS = YES;
				GENERATE_INFOPLIST_FILE = YES;
				INFOPLIST_KEY_UIApplicationSceneManifest_Generation = YES;
				INFOPLIST_KEY_UIApplicationSupportsIndirectInputEvents = YES;
				INFOPLIST_KEY_UILaunchScreen_Generation = YES;
				INFOPLIST_KEY_UISupportedInterfaceOrientations_iPad = "UIInterfaceOrientationPortrait UIInterfaceOrientationPortraitUpsideDown UIInterfaceOrientationLandscapeLeft UIInterfaceOrientationLandscapeRight";
				INFOPLIST_KEY_UISupportedInterfaceOrientations_iPhone = "UIInterfaceOrientationPortrait UIInterfaceOrientationLandscapeLeft UIInterfaceOrientationLandscapeRight";
				LD_RUNPATH_SEARCH_PATHS = (
					"$(inherited)",
					"@executable_path/Frameworks",
				);
				MARKETING_VERSION = 1.0;
				PRODUCT_BUNDLE_IDENTIFIER = bilelbouricha.Unipay;
				PRODUCT_NAME = "$(TARGET_NAME)";
				SWIFT_EMIT_LOC_STRINGS = YES;
				SWIFT_VERSION = 5.0;
				TARGETED_DEVICE_FAMILY = "1,2";
			};
			name = Release;
		};
/* End XCBuildConfiguration section */

/* Begin XCConfigurationList section */
		2403EDE82793871F002AF6FA /* Build configuration list for PBXProject "Unipay" */ = {
			isa = XCConfigurationList;
			buildConfigurations = (
				2403EDF92793871F002AF6FA /* Debug */,
				2403EDFA2793871F002AF6FA /* Release */,
			);
			defaultConfigurationIsVisible = 0;
			defaultConfigurationName = Release;
		};
		2403EDFB2793871F002AF6FA /* Build configuration list for PBXNativeTarget "Unipay" */ = {
			isa = XCConfigurationList;
			buildConfigurations = (
				2403EDFC2793871F002AF6FA /* Debug */,
				2403EDFD2793871F002AF6FA /* Release */,
			);
			defaultConfigurationIsVisible = 0;
			defaultConfigurationName = Release;
		};
/* End XCConfigurationList section */
	};
	rootObject = 2403EDE52793871F002AF6FA /* Project object */;
}
